
Microsoft Visual Studio Solution File, Format Version 12.00
# Visual Studio Version 16
VisualStudioVersion = 16.0.29728.190
MinimumVisualStudioVersion = 10.0.40219.1
Project("{FAE04EC0-301F-11D3-BF4B-00C04F79EFBC}") = "lab4_4", "lab4_4\lab4_4.csproj", "{80E74AB5-AE87-4496-A63C-F20069DE0DA9}"
EndProject
Global
	GlobalSection(SolutionConfigurationPlatforms) = preSolution
		Debug|Any CPU = Debug|Any CPU
		Release|Any CPU = Release|Any CPU
	EndGlobalSection
	GlobalSection(ProjectConfigurationPlatforms) = postSolution
		{80E74AB5-AE87-4496-A63C-F20069DE0DA9}.Debug|Any CPU.ActiveCfg = Debug|Any CPU
		{80E74AB5-AE87-4496-A63C-F20069DE0DA9}.Debug|Any CPU.Build.0 = Debug|Any CPU
		{80E74AB5-AE87-4496-A63C-F20069DE0DA9}.Release|Any CPU.ActiveCfg = Release|Any CPU
		{80E74AB5-AE87-4496-A63C-F20069DE0DA9}.Release|Any CPU.Build.0 = Release|Any CPU
	EndGlobalSection
	GlobalSection(SolutionProperties) = preSolution
		HideSolutionNode = FALSE
	EndGlobalSection
	GlobalSection(ExtensibilityGlobals) = postSolution
		SolutionGuid = {C3B9B0BF-91AA-417A-9488-F277F06AD080}
	EndGlobalSection
EndGlobal
